
Microsoft Visual Studio Solution File, Format Version 11.00
# Visual Studio 2010
Project("{8BC9CEB8-8B4A-11D0-8D11-00A0C91BC942}") = "TUIFrameworkCore", "TUIFrameworkCore\TUIFrameworkCore.vcxproj", "{0C30B2C6-6FC0-41DF-B6EF-3A85631C74F1}"
EndProject
Project("{8BC9CEB8-8B4A-11D0-8D11-00A0C91BC942}") = "TUIFrameworkXML", "TUIFrameworkXML\TUIFrameworkXML.vcxproj", "{A834FB35-41C0-4C51-A1E1-F5A705AAA4DE}"
EndProject
Project("{8BC9CEB8-8B4A-11D0-8D11-00A0C91BC942}") = "TUIFrameworkClient", "TUIFrameworkClient\TUIFrameworkClient.vcxproj", "{6AFFB021-9E85-4380-A37D-006C4D32BC13}"
EndProject
Project("{8BC9CEB8-8B4A-11D0-8D11-00A0C91BC942}") = "TUIFrameworkServer", "TUIFrameworkServer\TUIFrameworkServer.vcxproj", "{5D7F7DD6-C45A-48F2-98DF-23CB789A54EB}"
EndProject
Project("{8BC9CEB8-8B4A-11D0-8D11-00A0C91BC942}") = "TUILibPhidgets", "TUILibPhidgets\TUILibPhidgets.vcxproj", "{2F710CAF-C8AE-4524-9B4F-E8743024ABF2}"
EndProject
Project("{8BC9CEB8-8B4A-11D0-8D11-00A0C91BC942}") = "TUILibDTrack", "TUILibDTrack\TUILibDTrack.vcxproj", "{C86BD6B8-B115-4185-8421-0D904CBDBF45}"
EndProject
Project("{8BC9CEB8-8B4A-11D0-8D11-00A0C91BC942}") = "TUILibTUITypes", "TUILibTUITypes\TUILibTUITypes.vcxproj", "{A7D1680A-72CB-498B-ABCB-EE29A58B086C}"
EndProject
Project("{8BC9CEB8-8B4A-11D0-8D11-00A0C91BC942}") = "TUILibDummy", "TUILibDummy\TUILibDummy.vcxproj", "{6D75CA0B-547E-47BD-BE60-18B048AD2F71}"
EndProject
Project("{8BC9CEB8-8B4A-11D0-8D11-00A0C91BC942}") = "TUILibKinect", "TUILibKinect\TUILibKinect.vcxproj", "{DE5A345F-57FE-4C64-A2AC-B4FB9BF75CE6}"
EndProject
Project("{8BC9CEB8-8B4A-11D0-8D11-00A0C91BC942}") = "TUILibTUITypesDLL", "TUILibTUITypesDLL\TUILibTUITypesDLL.vcxproj", "{2CE370F8-D8C2-48C8-A0EB-A29B6FE4030E}"
EndProject
Project("{8BC9CEB8-8B4A-11D0-8D11-00A0C91BC942}") = "TUILibDummyDLL", "TUILibDummyDLL\TUILibDummyDLL.vcxproj", "{EB232172-5992-4108-A9B9-728D1C716D54}"
EndProject
Project("{8BC9CEB8-8B4A-11D0-8D11-00A0C91BC942}") = "TUILibDTrackDLL", "TUILibDTrackDLL\TUILibDTrackDLL.vcxproj", "{04279AF6-E0CF-4CE1-B857-27DB6E361608}"
EndProject
Project("{8BC9CEB8-8B4A-11D0-8D11-00A0C91BC942}") = "TUILibKinectDLL", "TUILibKinectDLL\TUILibKinectDLL.vcxproj", "{67C8FB77-F8E9-421E-B841-DDF40C617ACF}"
EndProject
Project("{8BC9CEB8-8B4A-11D0-8D11-00A0C91BC942}") = "TUILibPhidgetsDLL", "TUILibPhidgetsDLL\TUILibPhidgetsDLL.vcxproj", "{B6E00234-08B2-4BBB-AC29-F5731326EA80}"
EndProject
Project("{8BC9CEB8-8B4A-11D0-8D11-00A0C91BC942}") = "TUILibKinectTransfDLL", "TUILibKinectTransfDLL\TUILibKinectTransfDLL.vcxproj", "{6FE3A713-0296-40C9-92D8-BBDEB82124F8}"
EndProject
Project("{8BC9CEB8-8B4A-11D0-8D11-00A0C91BC942}") = "TUIBinTUIClient1", "TUIBinTUIClient1\TUIBinTUIClient1.vcxproj", "{C79AD256-A16D-4BB7-99DF-CC8DC06D1074}"
EndProject
Project("{8BC9CEB8-8B4A-11D0-8D11-00A0C91BC942}") = "TUIBinTUIClient2", "TUIBinTUIClient2\TUIBinTUIClient2.vcxproj", "{98A32DC4-E392-430E-9928-484776A3FFF2}"
EndProject
Project("{8BC9CEB8-8B4A-11D0-8D11-00A0C91BC942}") = "TUIBinTUIServer1", "TUIBinTUIServer1\TUIBinTUIServer1.vcxproj", "{DB5191F9-E5F7-4F88-9B0E-CC70511B3820}"
EndProject
Project("{8BC9CEB8-8B4A-11D0-8D11-00A0C91BC942}") = "TUIBinTUIServer2", "TUIBinTUIServer2\TUIBinTUIServer2.vcxproj", "{A149BB4E-55E9-4546-AC2E-39FE52EC69EE}"
EndProject
Project("{8BC9CEB8-8B4A-11D0-8D11-00A0C91BC942}") = "TUILibKinectTransf", "TUILibKinectTransf\TUILibKinectTransf.vcxproj", "{761B9549-78F3-4CC6-B128-6FDC02535FF6}"
EndProject
Project("{8BC9CEB8-8B4A-11D0-8D11-00A0C91BC942}") = "MouseServer", "MouseServer\MouseServer.vcxproj", "{F84E21FB-7868-459E-9D2A-6EDC61B2897A}"
EndProject
Project("{8BC9CEB8-8B4A-11D0-8D11-00A0C91BC942}") = "TUILibMouse", "TUILibMouse\TUILibMouse.vcxproj", "{4C13C7C3-9E6F-4603-8477-DC6A1FD4828A}"
EndProject
Project("{8BC9CEB8-8B4A-11D0-8D11-00A0C91BC942}") = "TUILibMouseDLL", "TUILibMouseDLL\TUILibMouseDLL.vcxproj", "{25881113-0256-4666-9A2D-9450DF43C0EB}"
EndProject
Project("{8BC9CEB8-8B4A-11D0-8D11-00A0C91BC942}") = "TUILibMouseDemux", "TUILibMouseDemux\TUILibMouseDemux.vcxproj", "{B1063998-51AF-478F-87EA-CFBB71605960}"
EndProject
Project("{8BC9CEB8-8B4A-11D0-8D11-00A0C91BC942}") = "TUILibMouseDemuxDLL", "TUILibMouseDemuxDLL\TUILibMouseDemuxDLL.vcxproj", "{2E4540DB-4194-4846-BAB0-34876508832B}"
EndProject
Project("{8BC9CEB8-8B4A-11D0-8D11-00A0C91BC942}") = "TUIBinTUIMouseClient", "TUIBinTUIMouseClient\TUIBinTUIMouseClient.vcxproj", "{E80BF28B-BBB9-4EF0-8FC3-F5A17F09FA27}"
EndProject
Project("{8BC9CEB8-8B4A-11D0-8D11-00A0C91BC942}") = "TUILibTypeConverter", "TUILibTypeConverter\TUILibTypeConverter.vcxproj", "{EA5B085E-E47A-4B6F-9F49-0AFBF103B580}"
EndProject
Project("{8BC9CEB8-8B4A-11D0-8D11-00A0C91BC942}") = "TUILibTypeConverterDLL", "TUILibTypeConverterDLL\TUILibTypeConverterDLL.vcxproj", "{9F6E60CF-EB22-4113-BD9B-C55784D63568}"
EndProject
Project("{8BC9CEB8-8B4A-11D0-8D11-00A0C91BC942}") = "KinectServer", "KinectServer\KinectServer.vcxproj", "{1799BA8D-EB12-4957-9B31-AAFB6E24BE29}"
EndProject
Project("{8BC9CEB8-8B4A-11D0-8D11-00A0C91BC942}") = "TUIBinTUIClient3", "TUIBinTUIClient3\TUIBinTUIClient3.vcxproj", "{E52A146E-779B-4C2A-BE41-06358724F426}"
EndProject
Project("{8BC9CEB8-8B4A-11D0-8D11-00A0C91BC942}") = "TUILibMatrix4Op", "TUILibMatrix4Op\TUILibMatrix4Op.vcxproj", "{F1BA255A-C2BB-4C85-96EF-A17BBD5A7886}"
EndProject
Project("{8BC9CEB8-8B4A-11D0-8D11-00A0C91BC942}") = "TUILibMotionCaptureStub", "TUILibMotionCaptureStub\TUILibMotionCaptureStub.vcxproj", "{660D7458-EC93-4104-B25D-D7E95E9C395D}"
EndProject
Project("{8BC9CEB8-8B4A-11D0-8D11-00A0C91BC942}") = "TUIBinTUIMCClient", "TUIBinTUIMCClient\TUIBinTUIMCClient.vcxproj", "{E6175494-34A2-48D5-81C0-6260D3DA697C}"
EndProject
Project("{8BC9CEB8-8B4A-11D0-8D11-00A0C91BC942}") = "TUILibMatrix4OpDLL", "TUILibMatrix4OpDLL\TUILibMatrix4OpDLL.vcxproj", "{C1F08F20-2A09-4F7F-B20F-5E2D6CC77284}"
EndProject
Project("{8BC9CEB8-8B4A-11D0-8D11-00A0C91BC942}") = "TUILibMotionCaptureStubDLL", "TUILibMotionCaptureStubDLL\TUILibMotionCaptureStubDLL.vcxproj", "{0EAB659D-095C-4C0A-ACCF-9E37D8E9F4BA}"
EndProject
Project("{8BC9CEB8-8B4A-11D0-8D11-00A0C91BC942}") = "TUILibMatrix4Calibration", "TUILibMatrix4Calibration\TUILibMatrix4Calibration.vcxproj", "{2D2A0924-DE8D-4B41-9F9C-7BB8C20BB3E7}"
EndProject
Project("{8BC9CEB8-8B4A-11D0-8D11-00A0C91BC942}") = "TUILibMatrix4CalibrationDLL", "TUILibMatrix4CalibrationDLL\TUILibMatrix4CalibrationDLL.vcxproj", "{A85BA6B0-6F4D-4880-9C6B-8C9D4DECB981}"
EndProject
Global
	GlobalSection(SolutionConfigurationPlatforms) = preSolution
		Debug|Win32 = Debug|Win32
		Release|Win32 = Release|Win32
	EndGlobalSection
	GlobalSection(ProjectConfigurationPlatforms) = postSolution
		{0C30B2C6-6FC0-41DF-B6EF-3A85631C74F1}.Debug|Win32.ActiveCfg = Debug|Win32
		{0C30B2C6-6FC0-41DF-B6EF-3A85631C74F1}.Debug|Win32.Build.0 = Debug|Win32
		{0C30B2C6-6FC0-41DF-B6EF-3A85631C74F1}.Release|Win32.ActiveCfg = Release|Win32
		{0C30B2C6-6FC0-41DF-B6EF-3A85631C74F1}.Release|Win32.Build.0 = Release|Win32
		{A834FB35-41C0-4C51-A1E1-F5A705AAA4DE}.Debug|Win32.ActiveCfg = Debug|Win32
		{A834FB35-41C0-4C51-A1E1-F5A705AAA4DE}.Debug|Win32.Build.0 = Debug|Win32
		{A834FB35-41C0-4C51-A1E1-F5A705AAA4DE}.Release|Win32.ActiveCfg = Release|Win32
		{A834FB35-41C0-4C51-A1E1-F5A705AAA4DE}.Release|Win32.Build.0 = Release|Win32
		{6AFFB021-9E85-4380-A37D-006C4D32BC13}.Debug|Win32.ActiveCfg = Debug|Win32
		{6AFFB021-9E85-4380-A37D-006C4D32BC13}.Debug|Win32.Build.0 = Debug|Win32
		{6AFFB021-9E85-4380-A37D-006C4D32BC13}.Release|Win32.ActiveCfg = Release|Win32
		{6AFFB021-9E85-4380-A37D-006C4D32BC13}.Release|Win32.Build.0 = Release|Win32
		{5D7F7DD6-C45A-48F2-98DF-23CB789A54EB}.Debug|Win32.ActiveCfg = Debug|Win32
		{5D7F7DD6-C45A-48F2-98DF-23CB789A54EB}.Debug|Win32.Build.0 = Debug|Win32
		{5D7F7DD6-C45A-48F2-98DF-23CB789A54EB}.Release|Win32.ActiveCfg = Release|Win32
		{5D7F7DD6-C45A-48F2-98DF-23CB789A54EB}.Release|Win32.Build.0 = Release|Win32
		{2F710CAF-C8AE-4524-9B4F-E8743024ABF2}.Debug|Win32.ActiveCfg = Debug|Win32
		{2F710CAF-C8AE-4524-9B4F-E8743024ABF2}.Debug|Win32.Build.0 = Debug|Win32
		{2F710CAF-C8AE-4524-9B4F-E8743024ABF2}.Release|Win32.ActiveCfg = Release|Win32
		{2F710CAF-C8AE-4524-9B4F-E8743024ABF2}.Release|Win32.Build.0 = Release|Win32
		{C86BD6B8-B115-4185-8421-0D904CBDBF45}.Debug|Win32.ActiveCfg = Debug|Win32
		{C86BD6B8-B115-4185-8421-0D904CBDBF45}.Debug|Win32.Build.0 = Debug|Win32
		{C86BD6B8-B115-4185-8421-0D904CBDBF45}.Release|Win32.ActiveCfg = Release|Win32
		{C86BD6B8-B115-4185-8421-0D904CBDBF45}.Release|Win32.Build.0 = Release|Win32
		{A7D1680A-72CB-498B-ABCB-EE29A58B086C}.Debug|Win32.ActiveCfg = Debug|Win32
		{A7D1680A-72CB-498B-ABCB-EE29A58B086C}.Debug|Win32.Build.0 = Debug|Win32
		{A7D1680A-72CB-498B-ABCB-EE29A58B086C}.Release|Win32.ActiveCfg = Release|Win32
		{A7D1680A-72CB-498B-ABCB-EE29A58B086C}.Release|Win32.Build.0 = Release|Win32
		{6D75CA0B-547E-47BD-BE60-18B048AD2F71}.Debug|Win32.ActiveCfg = Debug|Win32
		{6D75CA0B-547E-47BD-BE60-18B048AD2F71}.Debug|Win32.Build.0 = Debug|Win32
		{6D75CA0B-547E-47BD-BE60-18B048AD2F71}.Release|Win32.ActiveCfg = Release|Win32
		{6D75CA0B-547E-47BD-BE60-18B048AD2F71}.Release|Win32.Build.0 = Release|Win32
		{DE5A345F-57FE-4C64-A2AC-B4FB9BF75CE6}.Debug|Win32.ActiveCfg = Debug|Win32
		{DE5A345F-57FE-4C64-A2AC-B4FB9BF75CE6}.Debug|Win32.Build.0 = Debug|Win32
		{DE5A345F-57FE-4C64-A2AC-B4FB9BF75CE6}.Release|Win32.ActiveCfg = Release|Win32
		{DE5A345F-57FE-4C64-A2AC-B4FB9BF75CE6}.Release|Win32.Build.0 = Release|Win32
		{2CE370F8-D8C2-48C8-A0EB-A29B6FE4030E}.Debug|Win32.ActiveCfg = Debug|Win32
		{2CE370F8-D8C2-48C8-A0EB-A29B6FE4030E}.Debug|Win32.Build.0 = Debug|Win32
		{2CE370F8-D8C2-48C8-A0EB-A29B6FE4030E}.Release|Win32.ActiveCfg = Release|Win32
		{2CE370F8-D8C2-48C8-A0EB-A29B6FE4030E}.Release|Win32.Build.0 = Release|Win32
		{EB232172-5992-4108-A9B9-728D1C716D54}.Debug|Win32.ActiveCfg = Debug|Win32
		{EB232172-5992-4108-A9B9-728D1C716D54}.Debug|Win32.Build.0 = Debug|Win32
		{EB232172-5992-4108-A9B9-728D1C716D54}.Release|Win32.ActiveCfg = Release|Win32
		{EB232172-5992-4108-A9B9-728D1C716D54}.Release|Win32.Build.0 = Release|Win32
		{04279AF6-E0CF-4CE1-B857-27DB6E361608}.Debug|Win32.ActiveCfg = Debug|Win32
		{04279AF6-E0CF-4CE1-B857-27DB6E361608}.Debug|Win32.Build.0 = Debug|Win32
		{04279AF6-E0CF-4CE1-B857-27DB6E361608}.Release|Win32.ActiveCfg = Release|Win32
		{04279AF6-E0CF-4CE1-B857-27DB6E361608}.Release|Win32.Build.0 = Release|Win32
		{67C8FB77-F8E9-421E-B841-DDF40C617ACF}.Debug|Win32.ActiveCfg = Debug|Win32
		{67C8FB77-F8E9-421E-B841-DDF40C617ACF}.Debug|Win32.Build.0 = Debug|Win32
		{67C8FB77-F8E9-421E-B841-DDF40C617ACF}.Release|Win32.ActiveCfg = Release|Win32
		{67C8FB77-F8E9-421E-B841-DDF40C617ACF}.Release|Win32.Build.0 = Release|Win32
		{B6E00234-08B2-4BBB-AC29-F5731326EA80}.Debug|Win32.ActiveCfg = Debug|Win32
		{B6E00234-08B2-4BBB-AC29-F5731326EA80}.Debug|Win32.Build.0 = Debug|Win32
		{B6E00234-08B2-4BBB-AC29-F5731326EA80}.Release|Win32.ActiveCfg = Release|Win32
		{B6E00234-08B2-4BBB-AC29-F5731326EA80}.Release|Win32.Build.0 = Release|Win32
		{6FE3A713-0296-40C9-92D8-BBDEB82124F8}.Debug|Win32.ActiveCfg = Debug|Win32
		{6FE3A713-0296-40C9-92D8-BBDEB82124F8}.Debug|Win32.Build.0 = Debug|Win32
		{6FE3A713-0296-40C9-92D8-BBDEB82124F8}.Release|Win32.ActiveCfg = Release|Win32
		{6FE3A713-0296-40C9-92D8-BBDEB82124F8}.Release|Win32.Build.0 = Release|Win32
		{C79AD256-A16D-4BB7-99DF-CC8DC06D1074}.Debug|Win32.ActiveCfg = Debug|Win32
		{C79AD256-A16D-4BB7-99DF-CC8DC06D1074}.Debug|Win32.Build.0 = Debug|Win32
		{C79AD256-A16D-4BB7-99DF-CC8DC06D1074}.Release|Win32.ActiveCfg = Release|Win32
		{C79AD256-A16D-4BB7-99DF-CC8DC06D1074}.Release|Win32.Build.0 = Release|Win32
		{98A32DC4-E392-430E-9928-484776A3FFF2}.Debug|Win32.ActiveCfg = Debug|Win32
		{98A32DC4-E392-430E-9928-484776A3FFF2}.Debug|Win32.Build.0 = Debug|Win32
		{98A32DC4-E392-430E-9928-484776A3FFF2}.Release|Win32.ActiveCfg = Release|Win32
		{98A32DC4-E392-430E-9928-484776A3FFF2}.Release|Win32.Build.0 = Release|Win32
		{DB5191F9-E5F7-4F88-9B0E-CC70511B3820}.Debug|Win32.ActiveCfg = Debug|Win32
		{DB5191F9-E5F7-4F88-9B0E-CC70511B3820}.Debug|Win32.Build.0 = Debug|Win32
		{DB5191F9-E5F7-4F88-9B0E-CC70511B3820}.Release|Win32.ActiveCfg = Release|Win32
		{DB5191F9-E5F7-4F88-9B0E-CC70511B3820}.Release|Win32.Build.0 = Release|Win32
		{A149BB4E-55E9-4546-AC2E-39FE52EC69EE}.Debug|Win32.ActiveCfg = Debug|Win32
		{A149BB4E-55E9-4546-AC2E-39FE52EC69EE}.Debug|Win32.Build.0 = Debug|Win32
		{A149BB4E-55E9-4546-AC2E-39FE52EC69EE}.Release|Win32.ActiveCfg = Release|Win32
		{A149BB4E-55E9-4546-AC2E-39FE52EC69EE}.Release|Win32.Build.0 = Release|Win32
		{761B9549-78F3-4CC6-B128-6FDC02535FF6}.Debug|Win32.ActiveCfg = Debug|Win32
		{761B9549-78F3-4CC6-B128-6FDC02535FF6}.Debug|Win32.Build.0 = Debug|Win32
		{761B9549-78F3-4CC6-B128-6FDC02535FF6}.Release|Win32.ActiveCfg = Release|Win32
		{761B9549-78F3-4CC6-B128-6FDC02535FF6}.Release|Win32.Build.0 = Release|Win32
		{F84E21FB-7868-459E-9D2A-6EDC61B2897A}.Debug|Win32.ActiveCfg = Debug|Win32
		{F84E21FB-7868-459E-9D2A-6EDC61B2897A}.Debug|Win32.Build.0 = Debug|Win32
		{F84E21FB-7868-459E-9D2A-6EDC61B2897A}.Release|Win32.ActiveCfg = Release|Win32
		{F84E21FB-7868-459E-9D2A-6EDC61B2897A}.Release|Win32.Build.0 = Release|Win32
		{4C13C7C3-9E6F-4603-8477-DC6A1FD4828A}.Debug|Win32.ActiveCfg = Debug|Win32
		{4C13C7C3-9E6F-4603-8477-DC6A1FD4828A}.Debug|Win32.Build.0 = Debug|Win32
		{4C13C7C3-9E6F-4603-8477-DC6A1FD4828A}.Release|Win32.ActiveCfg = Release|Win32
		{4C13C7C3-9E6F-4603-8477-DC6A1FD4828A}.Release|Win32.Build.0 = Release|Win32
		{25881113-0256-4666-9A2D-9450DF43C0EB}.Debug|Win32.ActiveCfg = Debug|Win32
		{25881113-0256-4666-9A2D-9450DF43C0EB}.Debug|Win32.Build.0 = Debug|Win32
		{25881113-0256-4666-9A2D-9450DF43C0EB}.Release|Win32.ActiveCfg = Release|Win32
		{25881113-0256-4666-9A2D-9450DF43C0EB}.Release|Win32.Build.0 = Release|Win32
		{B1063998-51AF-478F-87EA-CFBB71605960}.Debug|Win32.ActiveCfg = Debug|Win32
		{B1063998-51AF-478F-87EA-CFBB71605960}.Debug|Win32.Build.0 = Debug|Win32
		{B1063998-51AF-478F-87EA-CFBB71605960}.Release|Win32.ActiveCfg = Release|Win32
		{B1063998-51AF-478F-87EA-CFBB71605960}.Release|Win32.Build.0 = Release|Win32
		{2E4540DB-4194-4846-BAB0-34876508832B}.Debug|Win32.ActiveCfg = Debug|Win32
		{2E4540DB-4194-4846-BAB0-34876508832B}.Debug|Win32.Build.0 = Debug|Win32
		{2E4540DB-4194-4846-BAB0-34876508832B}.Release|Win32.ActiveCfg = Release|Win32
		{2E4540DB-4194-4846-BAB0-34876508832B}.Release|Win32.Build.0 = Release|Win32
		{E80BF28B-BBB9-4EF0-8FC3-F5A17F09FA27}.Debug|Win32.ActiveCfg = Debug|Win32
		{E80BF28B-BBB9-4EF0-8FC3-F5A17F09FA27}.Debug|Win32.Build.0 = Debug|Win32
		{E80BF28B-BBB9-4EF0-8FC3-F5A17F09FA27}.Release|Win32.ActiveCfg = Release|Win32
		{E80BF28B-BBB9-4EF0-8FC3-F5A17F09FA27}.Release|Win32.Build.0 = Release|Win32
		{EA5B085E-E47A-4B6F-9F49-0AFBF103B580}.Debug|Win32.ActiveCfg = Debug|Win32
		{EA5B085E-E47A-4B6F-9F49-0AFBF103B580}.Debug|Win32.Build.0 = Debug|Win32
		{EA5B085E-E47A-4B6F-9F49-0AFBF103B580}.Release|Win32.ActiveCfg = Release|Win32
		{EA5B085E-E47A-4B6F-9F49-0AFBF103B580}.Release|Win32.Build.0 = Release|Win32
		{9F6E60CF-EB22-4113-BD9B-C55784D63568}.Debug|Win32.ActiveCfg = Debug|Win32
		{9F6E60CF-EB22-4113-BD9B-C55784D63568}.Debug|Win32.Build.0 = Debug|Win32
		{9F6E60CF-EB22-4113-BD9B-C55784D63568}.Release|Win32.ActiveCfg = Release|Win32
		{9F6E60CF-EB22-4113-BD9B-C55784D63568}.Release|Win32.Build.0 = Release|Win32
		{1799BA8D-EB12-4957-9B31-AAFB6E24BE29}.Debug|Win32.ActiveCfg = Debug|Win32
		{1799BA8D-EB12-4957-9B31-AAFB6E24BE29}.Debug|Win32.Build.0 = Debug|Win32
		{1799BA8D-EB12-4957-9B31-AAFB6E24BE29}.Release|Win32.ActiveCfg = Release|Win32
		{1799BA8D-EB12-4957-9B31-AAFB6E24BE29}.Release|Win32.Build.0 = Release|Win32
		{E52A146E-779B-4C2A-BE41-06358724F426}.Debug|Win32.ActiveCfg = Debug|Win32
		{E52A146E-779B-4C2A-BE41-06358724F426}.Debug|Win32.Build.0 = Debug|Win32
		{E52A146E-779B-4C2A-BE41-06358724F426}.Release|Win32.ActiveCfg = Release|Win32
		{E52A146E-779B-4C2A-BE41-06358724F426}.Release|Win32.Build.0 = Release|Win32
		{F1BA255A-C2BB-4C85-96EF-A17BBD5A7886}.Debug|Win32.ActiveCfg = Debug|Win32
		{F1BA255A-C2BB-4C85-96EF-A17BBD5A7886}.Debug|Win32.Build.0 = Debug|Win32
		{F1BA255A-C2BB-4C85-96EF-A17BBD5A7886}.Release|Win32.ActiveCfg = Release|Win32
		{F1BA255A-C2BB-4C85-96EF-A17BBD5A7886}.Release|Win32.Build.0 = Release|Win32
		{660D7458-EC93-4104-B25D-D7E95E9C395D}.Debug|Win32.ActiveCfg = Debug|Win32
		{660D7458-EC93-4104-B25D-D7E95E9C395D}.Debug|Win32.Build.0 = Debug|Win32
		{660D7458-EC93-4104-B25D-D7E95E9C395D}.Release|Win32.ActiveCfg = Release|Win32
		{660D7458-EC93-4104-B25D-D7E95E9C395D}.Release|Win32.Build.0 = Release|Win32
		{E6175494-34A2-48D5-81C0-6260D3DA697C}.Debug|Win32.ActiveCfg = Debug|Win32
		{E6175494-34A2-48D5-81C0-6260D3DA697C}.Debug|Win32.Build.0 = Debug|Win32
		{E6175494-34A2-48D5-81C0-6260D3DA697C}.Release|Win32.ActiveCfg = Release|Win32
		{E6175494-34A2-48D5-81C0-6260D3DA697C}.Release|Win32.Build.0 = Release|Win32
		{C1F08F20-2A09-4F7F-B20F-5E2D6CC77284}.Debug|Win32.ActiveCfg = Debug|Win32
		{C1F08F20-2A09-4F7F-B20F-5E2D6CC77284}.Debug|Win32.Build.0 = Debug|Win32
		{C1F08F20-2A09-4F7F-B20F-5E2D6CC77284}.Release|Win32.ActiveCfg = Release|Win32
		{C1F08F20-2A09-4F7F-B20F-5E2D6CC77284}.Release|Win32.Build.0 = Release|Win32
		{0EAB659D-095C-4C0A-ACCF-9E37D8E9F4BA}.Debug|Win32.ActiveCfg = Debug|Win32
		{0EAB659D-095C-4C0A-ACCF-9E37D8E9F4BA}.Debug|Win32.Build.0 = Debug|Win32
		{0EAB659D-095C-4C0A-ACCF-9E37D8E9F4BA}.Release|Win32.ActiveCfg = Release|Win32
		{0EAB659D-095C-4C0A-ACCF-9E37D8E9F4BA}.Release|Win32.Build.0 = Release|Win32
		{2D2A0924-DE8D-4B41-9F9C-7BB8C20BB3E7}.Debug|Win32.ActiveCfg = Debug|Win32
		{2D2A0924-DE8D-4B41-9F9C-7BB8C20BB3E7}.Debug|Win32.Build.0 = Debug|Win32
		{2D2A0924-DE8D-4B41-9F9C-7BB8C20BB3E7}.Release|Win32.ActiveCfg = Release|Win32
		{2D2A0924-DE8D-4B41-9F9C-7BB8C20BB3E7}.Release|Win32.Build.0 = Release|Win32
		{A85BA6B0-6F4D-4880-9C6B-8C9D4DECB981}.Debug|Win32.ActiveCfg = Debug|Win32
		{A85BA6B0-6F4D-4880-9C6B-8C9D4DECB981}.Debug|Win32.Build.0 = Debug|Win32
		{A85BA6B0-6F4D-4880-9C6B-8C9D4DECB981}.Release|Win32.ActiveCfg = Release|Win32
		{A85BA6B0-6F4D-4880-9C6B-8C9D4DECB981}.Release|Win32.Build.0 = Release|Win32
	EndGlobalSection
	GlobalSection(SolutionProperties) = preSolution
		HideSolutionNode = FALSE
	EndGlobalSection
EndGlobal
